// !$*UTF8*$!
{
	archiveVersion = 1;
	classes = {
	};
	objectVersion = 55;
	objects = {

/* Begin PBXBuildFile section */
		19256CE827913BEB0038336E /* BanUserVC.swift in Sources */ = {isa = PBXBuildFile; fileRef = 19256CE727913BEB0038336E /* BanUserVC.swift */; };
		192C407327785BF4003055DD /* AppDelegate.swift in Sources */ = {isa = PBXBuildFile; fileRef = 192C407227785BF4003055DD /* AppDelegate.swift */; };
		192C407527785BF4003055DD /* SceneDelegate.swift in Sources */ = {isa = PBXBuildFile; fileRef = 192C407427785BF4003055DD /* SceneDelegate.swift */; };
		192C407727785BF4003055DD /* ViewController.swift in Sources */ = {isa = PBXBuildFile; fileRef = 192C407627785BF4003055DD /* ViewController.swift */; };
		192C407A27785BF4003055DD /* Main.storyboard in Resources */ = {isa = PBXBuildFile; fileRef = 192C407827785BF4003055DD /* Main.storyboard */; };
		192C407D27785BF4003055DD /* EggMeet.xcdatamodeld in Sources */ = {isa = PBXBuildFile; fileRef = 192C407B27785BF4003055DD /* EggMeet.xcdatamodeld */; };
		192C407F27785BF5003055DD /* Assets.xcassets in Resources */ = {isa = PBXBuildFile; fileRef = 192C407E27785BF5003055DD /* Assets.xcassets */; };
		192C408227785BF5003055DD /* LaunchScreen.storyboard in Resources */ = {isa = PBXBuildFile; fileRef = 192C408027785BF5003055DD /* LaunchScreen.storyboard */; };
		192C408B277869AD003055DD /* User.swift in Sources */ = {isa = PBXBuildFile; fileRef = 192C408A277869AD003055DD /* User.swift */; };
		192C408D27786A32003055DD /* MainViewController.swift in Sources */ = {isa = PBXBuildFile; fileRef = 192C408C27786A32003055DD /* MainViewController.swift */; };
		1934F20A2799BD6800C05B09 /* ChatOpponentTVC.swift in Sources */ = {isa = PBXBuildFile; fileRef = 1934F2092799BD6800C05B09 /* ChatOpponentTVC.swift */; };
		193C624E279302BD0036C09C /* ChatroomID.swift in Sources */ = {isa = PBXBuildFile; fileRef = 193C624D279302BD0036C09C /* ChatroomID.swift */; };
		193DABFD278856FE009F71AA /* RegisterUser.swift in Sources */ = {isa = PBXBuildFile; fileRef = 193DABFC278856FE009F71AA /* RegisterUser.swift */; };
		1954A02E279C4A7300D8745B /* ChatListNavigationItem.swift in Sources */ = {isa = PBXBuildFile; fileRef = 1954A02D279C4A7300D8745B /* ChatListNavigationItem.swift */; };
		196D73AB2786C59000B0B50A /* ExplainGrowthPointVC.swift in Sources */ = {isa = PBXBuildFile; fileRef = 196D73AA2786C59000B0B50A /* ExplainGrowthPointVC.swift */; };
		196F0FA52782D9E20007C3AA /* SignUpMentorAreaCareerVC.swift in Sources */ = {isa = PBXBuildFile; fileRef = 196F0FA42782D9E20007C3AA /* SignUpMentorAreaCareerVC.swift */; };
		1971B6A4279BF13400FF64BA /* SendMentorRequestTVC.swift in Sources */ = {isa = PBXBuildFile; fileRef = 1971B6A3279BF13400FF64BA /* SendMentorRequestTVC.swift */; };
		19797FE12793100800680B21 /* chatDto.swift in Sources */ = {isa = PBXBuildFile; fileRef = 19797FE02793100800680B21 /* chatDto.swift */; };
		19797FE32793E42500680B21 /* ChatNavigationController.swift in Sources */ = {isa = PBXBuildFile; fileRef = 19797FE22793E42500680B21 /* ChatNavigationController.swift */; };
		1984331B278EC1CA00245BB7 /* chatType.swift in Sources */ = {isa = PBXBuildFile; fileRef = 1984331A278EC1CA00245BB7 /* chatType.swift */; };
		1991D0C7278C676A0081EDF5 /* Chat.storyboard in Resources */ = {isa = PBXBuildFile; fileRef = 1991D0C6278C676A0081EDF5 /* Chat.storyboard */; };
		1991D0C9278C68540081EDF5 /* ChatListVC.swift in Sources */ = {isa = PBXBuildFile; fileRef = 1991D0C8278C68540081EDF5 /* ChatListVC.swift */; };
		1991D0CC278C69280081EDF5 /* ChatProfileVO.swift in Sources */ = {isa = PBXBuildFile; fileRef = 1991D0CB278C69280081EDF5 /* ChatProfileVO.swift */; };
		199DD177278D98E800E35723 /* ChatroomVC.swift in Sources */ = {isa = PBXBuildFile; fileRef = 199DD176278D98E800E35723 /* ChatroomVC.swift */; };
		19C6A086278A158F00074125 /* SignUpShowTermsOfServiceVC.swift in Sources */ = {isa = PBXBuildFile; fileRef = 19C6A085278A158F00074125 /* SignUpShowTermsOfServiceVC.swift */; };
		19C6A08C278A16D100074125 /* SignUpShowPersonalInfoVC.swift in Sources */ = {isa = PBXBuildFile; fileRef = 19C6A08B278A16D100074125 /* SignUpShowPersonalInfoVC.swift */; };
		19D9DF8E279D7A9E0050E7C3 /* ChatBot.swift in Sources */ = {isa = PBXBuildFile; fileRef = 19D9DF8D279D7A9E0050E7C3 /* ChatBot.swift */; };
		19D9DF90279D816A0050E7C3 /* WelcomeChatroomTVC.swift in Sources */ = {isa = PBXBuildFile; fileRef = 19D9DF8F279D816A0050E7C3 /* WelcomeChatroomTVC.swift */; };
		19D9DF92279D860E0050E7C3 /* RegisterScheduleTVC.swift in Sources */ = {isa = PBXBuildFile; fileRef = 19D9DF91279D860E0050E7C3 /* RegisterScheduleTVC.swift */; };
		19D9DF94279D8AE40050E7C3 /* ConfirmMentoringTVC.swift in Sources */ = {isa = PBXBuildFile; fileRef = 19D9DF93279D8AE30050E7C3 /* ConfirmMentoringTVC.swift */; };
		19F5A9F62794454E00954AFA /* ChatTVC.swift in Sources */ = {isa = PBXBuildFile; fileRef = 19F5A9F52794454E00954AFA /* ChatTVC.swift */; };
		19FEC4952782DB6D00F18D8F /* SignUpSetGrowthPointVC.swift in Sources */ = {isa = PBXBuildFile; fileRef = 19FEC4942782DB6D00F18D8F /* SignUpSetGrowthPointVC.swift */; };
		19FEC4972782E06100F18D8F /* SignUpSetMenteeAreaCategoryVC.swift in Sources */ = {isa = PBXBuildFile; fileRef = 19FEC4962782E06100F18D8F /* SignUpSetMenteeAreaCategoryVC.swift */; };
		19FEC4992782E22500F18D8F /* SignUpSetMenteeAreaDescriptionVC.swift in Sources */ = {isa = PBXBuildFile; fileRef = 19FEC4982782E22500F18D8F /* SignUpSetMenteeAreaDescriptionVC.swift */; };
		19FEC49B2782E28100F18D8F /* SignUpSetChannelVC.swift in Sources */ = {isa = PBXBuildFile; fileRef = 19FEC49A2782E28100F18D8F /* SignUpSetChannelVC.swift */; };
		19FEC49D2782E41300F18D8F /* SignUpCheckTermsOfServiceVC.swift in Sources */ = {isa = PBXBuildFile; fileRef = 19FEC49C2782E41300F18D8F /* SignUpCheckTermsOfServiceVC.swift */; };
		19FEC49F2782E5E100F18D8F /* SignUpCheckTermsOfMaliciousContentVC.swift in Sources */ = {isa = PBXBuildFile; fileRef = 19FEC49E2782E5E100F18D8F /* SignUpCheckTermsOfMaliciousContentVC.swift */; };
		19FEC4A12782E9BD00F18D8F /* SignUpEndVC.swift in Sources */ = {isa = PBXBuildFile; fileRef = 19FEC4A02782E9BD00F18D8F /* SignUpEndVC.swift */; };
		1FDF114D24F96E2867CD8DE8 /* Pods_EggMeet.framework in Frameworks */ = {isa = PBXBuildFile; fileRef = 213EDAFC3CEFDC860F9CF9BD /* Pods_EggMeet.framework */; };
		9C25EE602790008F00CBBB11 /* HomeNetwork.swift in Sources */ = {isa = PBXBuildFile; fileRef = 9C25EE5F2790008F00CBBB11 /* HomeNetwork.swift */; };
		9C25EE6227900B3600CBBB11 /* HomeResponseModel.swift in Sources */ = {isa = PBXBuildFile; fileRef = 9C25EE6127900B3600CBBB11 /* HomeResponseModel.swift */; };
		9C25EE6427900E7900CBBB11 /* Location.swift in Sources */ = {isa = PBXBuildFile; fileRef = 9C25EE6327900E7900CBBB11 /* Location.swift */; };
		9C25EE6627900F2000CBBB11 /* Sex.swift in Sources */ = {isa = PBXBuildFile; fileRef = 9C25EE6527900F2000CBBB11 /* Sex.swift */; };
		9C25EE6827900F6400CBBB11 /* Category.swift in Sources */ = {isa = PBXBuildFile; fileRef = 9C25EE6727900F6400CBBB11 /* Category.swift */; };
		9C25EE6A2790423F00CBBB11 /* SignUpAgeVC.swift in Sources */ = {isa = PBXBuildFile; fileRef = 9C25EE692790423F00CBBB11 /* SignUpAgeVC.swift */; };
		9C25EE6C27904DFF00CBBB11 /* SignUpSexVC.swift in Sources */ = {isa = PBXBuildFile; fileRef = 9C25EE6B27904DFF00CBBB11 /* SignUpSexVC.swift */; };
		9C25EE6E279166D900CBBB11 /* UserMentorResponseModel.swift in Sources */ = {isa = PBXBuildFile; fileRef = 9C25EE6D279166D900CBBB11 /* UserMentorResponseModel.swift */; };
		9C25EE722791781200CBBB11 /* LoginTokenModel.swift in Sources */ = {isa = PBXBuildFile; fileRef = 9C25EE712791781200CBBB11 /* LoginTokenModel.swift */; };
		9CC0D5A127957FFC00E4885B /* HomeSearchVC.swift in Sources */ = {isa = PBXBuildFile; fileRef = 9CC0D5A027957FFC00E4885B /* HomeSearchVC.swift */; };
		9CC0D5A327959CA800E4885B /* HomeNoticeVC.swift in Sources */ = {isa = PBXBuildFile; fileRef = 9CC0D5A227959CA800E4885B /* HomeNoticeVC.swift */; };
		9CC0D5A52796AC3E00E4885B /* HomeNoticeTableVC.swift in Sources */ = {isa = PBXBuildFile; fileRef = 9CC0D5A42796AC3E00E4885B /* HomeNoticeTableVC.swift */; };
		9CC0D5A82796BCCC00E4885B /* HomeNoticeTVC.swift in Sources */ = {isa = PBXBuildFile; fileRef = 9CC0D5A62796BCCC00E4885B /* HomeNoticeTVC.swift */; };
		9CC0D5A92796BCCC00E4885B /* HomeNoticeTVC.xib in Resources */ = {isa = PBXBuildFile; fileRef = 9CC0D5A72796BCCC00E4885B /* HomeNoticeTVC.xib */; };
		9CC0D5AD279BD8E000E4885B /* LocationCollectionViewCell.swift in Sources */ = {isa = PBXBuildFile; fileRef = 9CC0D5AC279BD8E000E4885B /* LocationCollectionViewCell.swift */; };
		9CC0D5B2279C0FF200E4885B /* CalendarStoryboard.storyboard in Resources */ = {isa = PBXBuildFile; fileRef = 9CC0D5B1279C0FF200E4885B /* CalendarStoryboard.storyboard */; };
		9CC0D5B4279C100500E4885B /* CalendarVC.swift in Sources */ = {isa = PBXBuildFile; fileRef = 9CC0D5B3279C100500E4885B /* CalendarVC.swift */; };
		9CC0D5B6279D128C00E4885B /* NewMentoringRegisterVC.swift in Sources */ = {isa = PBXBuildFile; fileRef = 9CC0D5B5279D128C00E4885B /* NewMentoringRegisterVC.swift */; };
		9CC0D5B8279D12E700E4885B /* TotalScheduleVC.swift in Sources */ = {isa = PBXBuildFile; fileRef = 9CC0D5B7279D12E700E4885B /* TotalScheduleVC.swift */; };
		9CC0D5BA279D12F900E4885B /* PartnerScheduleVC.swift in Sources */ = {isa = PBXBuildFile; fileRef = 9CC0D5B9279D12F900E4885B /* PartnerScheduleVC.swift */; };
		9CC0D5BC279D130A00E4885B /* MyMeetReviewVC.swift in Sources */ = {isa = PBXBuildFile; fileRef = 9CC0D5BB279D130A00E4885B /* MyMeetReviewVC.swift */; };
		9CC0D5C0279D2EC400E4885B /* NewMentoringScheduleSetVC.swift in Sources */ = {isa = PBXBuildFile; fileRef = 9CC0D5BF279D2EC400E4885B /* NewMentoringScheduleSetVC.swift */; };
		9CC0D5C2279D4B4B00E4885B /* NewMentoringSelectPopUpVC.swift in Sources */ = {isa = PBXBuildFile; fileRef = 9CC0D5C1279D4B4A00E4885B /* NewMentoringSelectPopUpVC.swift */; };
		9CE4B67D27807A50003AEB90 /* SignUpNickNameVC.swift in Sources */ = {isa = PBXBuildFile; fileRef = 9CE4B67C27807A50003AEB90 /* SignUpNickNameVC.swift */; };
		9CE4B67F2780801B003AEB90 /* SignUpLocationVC.swift in Sources */ = {isa = PBXBuildFile; fileRef = 9CE4B67E2780801B003AEB90 /* SignUpLocationVC.swift */; };
		9CE4B68127808410003AEB90 /* SignUpSelfIntroduceVC.swift in Sources */ = {isa = PBXBuildFile; fileRef = 9CE4B68027808410003AEB90 /* SignUpSelfIntroduceVC.swift */; };
		9CE4B6832780842E003AEB90 /* SignUpMentoAreaSelectionVC.swift in Sources */ = {isa = PBXBuildFile; fileRef = 9CE4B6822780842E003AEB90 /* SignUpMentoAreaSelectionVC.swift */; };
		9CE4B68527808444003AEB90 /* SignUpMentoDetailIntroduceVC.swift in Sources */ = {isa = PBXBuildFile; fileRef = 9CE4B68427808444003AEB90 /* SignUpMentoDetailIntroduceVC.swift */; };
		9CE4B6872781F3C3003AEB90 /* SignUpIntroducePopUpVC.swift in Sources */ = {isa = PBXBuildFile; fileRef = 9CE4B6862781F3C3003AEB90 /* SignUpIntroducePopUpVC.swift */; };
		9CE4B696278BFB1A003AEB90 /* HomeStoryboard.storyboard in Resources */ = {isa = PBXBuildFile; fileRef = 9CE4B695278BFB1A003AEB90 /* HomeStoryboard.storyboard */; };
		9CE4B698278BFFAE003AEB90 /* HomeVC.swift in Sources */ = {isa = PBXBuildFile; fileRef = 9CE4B697278BFFAE003AEB90 /* HomeVC.swift */; };
		9CE4B69D278C07A5003AEB90 /* GrowthPointVC.swift in Sources */ = {isa = PBXBuildFile; fileRef = 9CE4B69C278C07A5003AEB90 /* GrowthPointVC.swift */; };
		9CE4B6A0278C179F003AEB90 /* HomeHeaderView.swift in Sources */ = {isa = PBXBuildFile; fileRef = 9CE4B69F278C179F003AEB90 /* HomeHeaderView.swift */; };
		9CE4B6A2278C231F003AEB90 /* HomeUpperHeaderView.swift in Sources */ = {isa = PBXBuildFile; fileRef = 9CE4B6A1278C231F003AEB90 /* HomeUpperHeaderView.swift */; };
		9CE4B6A4278C2330003AEB90 /* HomeLowerHeaderView.swift in Sources */ = {isa = PBXBuildFile; fileRef = 9CE4B6A3278C2330003AEB90 /* HomeLowerHeaderView.swift */; };
		9CE4B6A8278D8072003AEB90 /* HomeTVC.swift in Sources */ = {isa = PBXBuildFile; fileRef = 9CE4B6A6278D8072003AEB90 /* HomeTVC.swift */; };
		9CE4B6A9278D8072003AEB90 /* HomeTVC.xib in Resources */ = {isa = PBXBuildFile; fileRef = 9CE4B6A7278D8072003AEB90 /* HomeTVC.xib */; };
		9CE4B6AB278EBD0A003AEB90 /* HomeFilterVC.swift in Sources */ = {isa = PBXBuildFile; fileRef = 9CE4B6AA278EBD0A003AEB90 /* HomeFilterVC.swift */; };
		CD1B96A3279AF104009A0DF6 /* MypageStoryboard.storyboard in Resources */ = {isa = PBXBuildFile; fileRef = CD1B96A2279AF104009A0DF6 /* MypageStoryboard.storyboard */; };
		CD1B96E9279BF33D009A0DF6 /* MypageVC.swift in Sources */ = {isa = PBXBuildFile; fileRef = CD1B96E8279BF33D009A0DF6 /* MypageVC.swift */; };
		CD1B96EB279C35E8009A0DF6 /* MyProfileVC.swift in Sources */ = {isa = PBXBuildFile; fileRef = CD1B96EA279C35E8009A0DF6 /* MyProfileVC.swift */; };
		CD1B96ED279C39DE009A0DF6 /* MyGrowthPointVC.swift in Sources */ = {isa = PBXBuildFile; fileRef = CD1B96EC279C39DE009A0DF6 /* MyGrowthPointVC.swift */; };
		CD1B96F3279C5E8D009A0DF6 /* SeeMyProfileStoryboard.storyboard in Resources */ = {isa = PBXBuildFile; fileRef = CD1B96F2279C5E8C009A0DF6 /* SeeMyProfileStoryboard.storyboard */; };
/* End PBXBuildFile section */

/* Begin PBXFileReference section */
		19256CE727913BEB0038336E /* BanUserVC.swift */ = {isa = PBXFileReference; lastKnownFileType = sourcecode.swift; path = BanUserVC.swift; sourceTree = "<group>"; };
		192C406F27785BF4003055DD /* EggMeet.app */ = {isa = PBXFileReference; explicitFileType = wrapper.application; includeInIndex = 0; path = EggMeet.app; sourceTree = BUILT_PRODUCTS_DIR; };
		192C407227785BF4003055DD /* AppDelegate.swift */ = {isa = PBXFileReference; lastKnownFileType = sourcecode.swift; path = AppDelegate.swift; sourceTree = "<group>"; };
		192C407427785BF4003055DD /* SceneDelegate.swift */ = {isa = PBXFileReference; lastKnownFileType = sourcecode.swift; path = SceneDelegate.swift; sourceTree = "<group>"; };
		192C407627785BF4003055DD /* ViewController.swift */ = {isa = PBXFileReference; lastKnownFileType = sourcecode.swift; path = ViewController.swift; sourceTree = "<group>"; };
		192C407927785BF4003055DD /* Base */ = {isa = PBXFileReference; lastKnownFileType = file.storyboard; name = Base; path = Base.lproj/Main.storyboard; sourceTree = "<group>"; };
		192C407C27785BF4003055DD /* EggMeet.xcdatamodel */ = {isa = PBXFileReference; lastKnownFileType = wrapper.xcdatamodel; path = EggMeet.xcdatamodel; sourceTree = "<group>"; };
		192C407E27785BF5003055DD /* Assets.xcassets */ = {isa = PBXFileReference; lastKnownFileType = folder.assetcatalog; path = Assets.xcassets; sourceTree = "<group>"; };
		192C408127785BF5003055DD /* Base */ = {isa = PBXFileReference; lastKnownFileType = file.storyboard; name = Base; path = Base.lproj/LaunchScreen.storyboard; sourceTree = "<group>"; };
		192C408327785BF5003055DD /* Info.plist */ = {isa = PBXFileReference; lastKnownFileType = text.plist.xml; path = Info.plist; sourceTree = "<group>"; };
		192C408927785C0C003055DD /* EggMeet.entitlements */ = {isa = PBXFileReference; lastKnownFileType = text.plist.entitlements; path = EggMeet.entitlements; sourceTree = "<group>"; };
		192C408A277869AD003055DD /* User.swift */ = {isa = PBXFileReference; lastKnownFileType = sourcecode.swift; path = User.swift; sourceTree = "<group>"; };
		192C408C27786A32003055DD /* MainViewController.swift */ = {isa = PBXFileReference; lastKnownFileType = sourcecode.swift; path = MainViewController.swift; sourceTree = "<group>"; };
		1934F2092799BD6800C05B09 /* ChatOpponentTVC.swift */ = {isa = PBXFileReference; lastKnownFileType = sourcecode.swift; path = ChatOpponentTVC.swift; sourceTree = "<group>"; };
		193C624D279302BD0036C09C /* ChatroomID.swift */ = {isa = PBXFileReference; lastKnownFileType = sourcecode.swift; path = ChatroomID.swift; sourceTree = "<group>"; };
		193DABFC278856FE009F71AA /* RegisterUser.swift */ = {isa = PBXFileReference; lastKnownFileType = sourcecode.swift; path = RegisterUser.swift; sourceTree = "<group>"; };
		1954A02D279C4A7300D8745B /* ChatListNavigationItem.swift */ = {isa = PBXFileReference; lastKnownFileType = sourcecode.swift; path = ChatListNavigationItem.swift; sourceTree = "<group>"; };
		196D73AA2786C59000B0B50A /* ExplainGrowthPointVC.swift */ = {isa = PBXFileReference; lastKnownFileType = sourcecode.swift; path = ExplainGrowthPointVC.swift; sourceTree = "<group>"; };
		196F0FA42782D9E20007C3AA /* SignUpMentorAreaCareerVC.swift */ = {isa = PBXFileReference; lastKnownFileType = sourcecode.swift; path = SignUpMentorAreaCareerVC.swift; sourceTree = "<group>"; };
		1971B6A3279BF13400FF64BA /* SendMentorRequestTVC.swift */ = {isa = PBXFileReference; lastKnownFileType = sourcecode.swift; path = SendMentorRequestTVC.swift; sourceTree = "<group>"; };
		19797FE02793100800680B21 /* chatDto.swift */ = {isa = PBXFileReference; lastKnownFileType = sourcecode.swift; path = chatDto.swift; sourceTree = "<group>"; };
		19797FE22793E42500680B21 /* ChatNavigationController.swift */ = {isa = PBXFileReference; lastKnownFileType = sourcecode.swift; path = ChatNavigationController.swift; sourceTree = "<group>"; };
		1984331A278EC1CA00245BB7 /* chatType.swift */ = {isa = PBXFileReference; lastKnownFileType = sourcecode.swift; path = chatType.swift; sourceTree = "<group>"; };
		1991D0C6278C676A0081EDF5 /* Chat.storyboard */ = {isa = PBXFileReference; lastKnownFileType = file.storyboard; path = Chat.storyboard; sourceTree = "<group>"; };
		1991D0C8278C68540081EDF5 /* ChatListVC.swift */ = {isa = PBXFileReference; lastKnownFileType = sourcecode.swift; path = ChatListVC.swift; sourceTree = "<group>"; };
		1991D0CB278C69280081EDF5 /* ChatProfileVO.swift */ = {isa = PBXFileReference; lastKnownFileType = sourcecode.swift; path = ChatProfileVO.swift; sourceTree = "<group>"; };
		199DD176278D98E800E35723 /* ChatroomVC.swift */ = {isa = PBXFileReference; lastKnownFileType = sourcecode.swift; path = ChatroomVC.swift; sourceTree = "<group>"; };
		19C6A085278A158F00074125 /* SignUpShowTermsOfServiceVC.swift */ = {isa = PBXFileReference; lastKnownFileType = sourcecode.swift; path = SignUpShowTermsOfServiceVC.swift; sourceTree = "<group>"; };
		19C6A08B278A16D100074125 /* SignUpShowPersonalInfoVC.swift */ = {isa = PBXFileReference; lastKnownFileType = sourcecode.swift; path = SignUpShowPersonalInfoVC.swift; sourceTree = "<group>"; };
		19D9DF8D279D7A9E0050E7C3 /* ChatBot.swift */ = {isa = PBXFileReference; lastKnownFileType = sourcecode.swift; path = ChatBot.swift; sourceTree = "<group>"; };
		19D9DF8F279D816A0050E7C3 /* WelcomeChatroomTVC.swift */ = {isa = PBXFileReference; lastKnownFileType = sourcecode.swift; path = WelcomeChatroomTVC.swift; sourceTree = "<group>"; };
		19D9DF91279D860E0050E7C3 /* RegisterScheduleTVC.swift */ = {isa = PBXFileReference; lastKnownFileType = sourcecode.swift; path = RegisterScheduleTVC.swift; sourceTree = "<group>"; };
		19D9DF93279D8AE30050E7C3 /* ConfirmMentoringTVC.swift */ = {isa = PBXFileReference; lastKnownFileType = sourcecode.swift; path = ConfirmMentoringTVC.swift; sourceTree = "<group>"; };
		19F5A9F52794454E00954AFA /* ChatTVC.swift */ = {isa = PBXFileReference; lastKnownFileType = sourcecode.swift; path = ChatTVC.swift; sourceTree = "<group>"; };
		19FEC4942782DB6D00F18D8F /* SignUpSetGrowthPointVC.swift */ = {isa = PBXFileReference; lastKnownFileType = sourcecode.swift; path = SignUpSetGrowthPointVC.swift; sourceTree = "<group>"; };
		19FEC4962782E06100F18D8F /* SignUpSetMenteeAreaCategoryVC.swift */ = {isa = PBXFileReference; lastKnownFileType = sourcecode.swift; path = SignUpSetMenteeAreaCategoryVC.swift; sourceTree = "<group>"; };
		19FEC4982782E22500F18D8F /* SignUpSetMenteeAreaDescriptionVC.swift */ = {isa = PBXFileReference; lastKnownFileType = sourcecode.swift; path = SignUpSetMenteeAreaDescriptionVC.swift; sourceTree = "<group>"; };
		19FEC49A2782E28100F18D8F /* SignUpSetChannelVC.swift */ = {isa = PBXFileReference; lastKnownFileType = sourcecode.swift; path = SignUpSetChannelVC.swift; sourceTree = "<group>"; };
		19FEC49C2782E41300F18D8F /* SignUpCheckTermsOfServiceVC.swift */ = {isa = PBXFileReference; lastKnownFileType = sourcecode.swift; path = SignUpCheckTermsOfServiceVC.swift; sourceTree = "<group>"; };
		19FEC49E2782E5E100F18D8F /* SignUpCheckTermsOfMaliciousContentVC.swift */ = {isa = PBXFileReference; lastKnownFileType = sourcecode.swift; path = SignUpCheckTermsOfMaliciousContentVC.swift; sourceTree = "<group>"; };
		19FEC4A02782E9BD00F18D8F /* SignUpEndVC.swift */ = {isa = PBXFileReference; lastKnownFileType = sourcecode.swift; path = SignUpEndVC.swift; sourceTree = "<group>"; };
		213EDAFC3CEFDC860F9CF9BD /* Pods_EggMeet.framework */ = {isa = PBXFileReference; explicitFileType = wrapper.framework; includeInIndex = 0; path = Pods_EggMeet.framework; sourceTree = BUILT_PRODUCTS_DIR; };
		45457B4AF0FF7C34AEC5106F /* Pods-EggMeet.release.xcconfig */ = {isa = PBXFileReference; includeInIndex = 1; lastKnownFileType = text.xcconfig; name = "Pods-EggMeet.release.xcconfig"; path = "Target Support Files/Pods-EggMeet/Pods-EggMeet.release.xcconfig"; sourceTree = "<group>"; };
		9C25EE5F2790008F00CBBB11 /* HomeNetwork.swift */ = {isa = PBXFileReference; lastKnownFileType = sourcecode.swift; path = HomeNetwork.swift; sourceTree = "<group>"; };
		9C25EE6127900B3600CBBB11 /* HomeResponseModel.swift */ = {isa = PBXFileReference; lastKnownFileType = sourcecode.swift; path = HomeResponseModel.swift; sourceTree = "<group>"; };
		9C25EE6327900E7900CBBB11 /* Location.swift */ = {isa = PBXFileReference; lastKnownFileType = sourcecode.swift; path = Location.swift; sourceTree = "<group>"; };
		9C25EE6527900F2000CBBB11 /* Sex.swift */ = {isa = PBXFileReference; lastKnownFileType = sourcecode.swift; path = Sex.swift; sourceTree = "<group>"; };
		9C25EE6727900F6400CBBB11 /* Category.swift */ = {isa = PBXFileReference; lastKnownFileType = sourcecode.swift; path = Category.swift; sourceTree = "<group>"; };
		9C25EE692790423F00CBBB11 /* SignUpAgeVC.swift */ = {isa = PBXFileReference; lastKnownFileType = sourcecode.swift; path = SignUpAgeVC.swift; sourceTree = "<group>"; };
		9C25EE6B27904DFF00CBBB11 /* SignUpSexVC.swift */ = {isa = PBXFileReference; lastKnownFileType = sourcecode.swift; path = SignUpSexVC.swift; sourceTree = "<group>"; };
		9C25EE6D279166D900CBBB11 /* UserMentorResponseModel.swift */ = {isa = PBXFileReference; lastKnownFileType = sourcecode.swift; path = UserMentorResponseModel.swift; sourceTree = "<group>"; };
		9C25EE712791781200CBBB11 /* LoginTokenModel.swift */ = {isa = PBXFileReference; lastKnownFileType = sourcecode.swift; path = LoginTokenModel.swift; sourceTree = "<group>"; };
		9CC0D5A027957FFC00E4885B /* HomeSearchVC.swift */ = {isa = PBXFileReference; lastKnownFileType = sourcecode.swift; path = HomeSearchVC.swift; sourceTree = "<group>"; };
		9CC0D5A227959CA800E4885B /* HomeNoticeVC.swift */ = {isa = PBXFileReference; lastKnownFileType = sourcecode.swift; path = HomeNoticeVC.swift; sourceTree = "<group>"; };
		9CC0D5A42796AC3E00E4885B /* HomeNoticeTableVC.swift */ = {isa = PBXFileReference; lastKnownFileType = sourcecode.swift; path = HomeNoticeTableVC.swift; sourceTree = "<group>"; };
		9CC0D5A62796BCCC00E4885B /* HomeNoticeTVC.swift */ = {isa = PBXFileReference; lastKnownFileType = sourcecode.swift; path = HomeNoticeTVC.swift; sourceTree = "<group>"; };
		9CC0D5A72796BCCC00E4885B /* HomeNoticeTVC.xib */ = {isa = PBXFileReference; lastKnownFileType = file.xib; path = HomeNoticeTVC.xib; sourceTree = "<group>"; };
		9CC0D5AC279BD8E000E4885B /* LocationCollectionViewCell.swift */ = {isa = PBXFileReference; lastKnownFileType = sourcecode.swift; path = LocationCollectionViewCell.swift; sourceTree = "<group>"; };
		9CC0D5B1279C0FF200E4885B /* CalendarStoryboard.storyboard */ = {isa = PBXFileReference; lastKnownFileType = file.storyboard; path = CalendarStoryboard.storyboard; sourceTree = "<group>"; };
		9CC0D5B3279C100500E4885B /* CalendarVC.swift */ = {isa = PBXFileReference; lastKnownFileType = sourcecode.swift; path = CalendarVC.swift; sourceTree = "<group>"; };
		9CC0D5B5279D128C00E4885B /* NewMentoringRegisterVC.swift */ = {isa = PBXFileReference; lastKnownFileType = sourcecode.swift; path = NewMentoringRegisterVC.swift; sourceTree = "<group>"; };
		9CC0D5B7279D12E700E4885B /* TotalScheduleVC.swift */ = {isa = PBXFileReference; lastKnownFileType = sourcecode.swift; path = TotalScheduleVC.swift; sourceTree = "<group>"; };
		9CC0D5B9279D12F900E4885B /* PartnerScheduleVC.swift */ = {isa = PBXFileReference; lastKnownFileType = sourcecode.swift; path = PartnerScheduleVC.swift; sourceTree = "<group>"; };
		9CC0D5BB279D130A00E4885B /* MyMeetReviewVC.swift */ = {isa = PBXFileReference; lastKnownFileType = sourcecode.swift; path = MyMeetReviewVC.swift; sourceTree = "<group>"; };
		9CC0D5BF279D2EC400E4885B /* NewMentoringScheduleSetVC.swift */ = {isa = PBXFileReference; lastKnownFileType = sourcecode.swift; path = NewMentoringScheduleSetVC.swift; sourceTree = "<group>"; };
		9CC0D5C1279D4B4A00E4885B /* NewMentoringSelectPopUpVC.swift */ = {isa = PBXFileReference; lastKnownFileType = sourcecode.swift; path = NewMentoringSelectPopUpVC.swift; sourceTree = "<group>"; };
		9CE4B67C27807A50003AEB90 /* SignUpNickNameVC.swift */ = {isa = PBXFileReference; lastKnownFileType = sourcecode.swift; path = SignUpNickNameVC.swift; sourceTree = "<group>"; };
		9CE4B67E2780801B003AEB90 /* SignUpLocationVC.swift */ = {isa = PBXFileReference; lastKnownFileType = sourcecode.swift; path = SignUpLocationVC.swift; sourceTree = "<group>"; };
		9CE4B68027808410003AEB90 /* SignUpSelfIntroduceVC.swift */ = {isa = PBXFileReference; lastKnownFileType = sourcecode.swift; path = SignUpSelfIntroduceVC.swift; sourceTree = "<group>"; };
		9CE4B6822780842E003AEB90 /* SignUpMentoAreaSelectionVC.swift */ = {isa = PBXFileReference; lastKnownFileType = sourcecode.swift; path = SignUpMentoAreaSelectionVC.swift; sourceTree = "<group>"; };
		9CE4B68427808444003AEB90 /* SignUpMentoDetailIntroduceVC.swift */ = {isa = PBXFileReference; lastKnownFileType = sourcecode.swift; path = SignUpMentoDetailIntroduceVC.swift; sourceTree = "<group>"; };
		9CE4B6862781F3C3003AEB90 /* SignUpIntroducePopUpVC.swift */ = {isa = PBXFileReference; lastKnownFileType = sourcecode.swift; path = SignUpIntroducePopUpVC.swift; sourceTree = "<group>"; };
		9CE4B695278BFB1A003AEB90 /* HomeStoryboard.storyboard */ = {isa = PBXFileReference; lastKnownFileType = file.storyboard; path = HomeStoryboard.storyboard; sourceTree = "<group>"; };
		9CE4B697278BFFAE003AEB90 /* HomeVC.swift */ = {isa = PBXFileReference; lastKnownFileType = sourcecode.swift; path = HomeVC.swift; sourceTree = "<group>"; };
		9CE4B69C278C07A5003AEB90 /* GrowthPointVC.swift */ = {isa = PBXFileReference; lastKnownFileType = sourcecode.swift; path = GrowthPointVC.swift; sourceTree = "<group>"; };
		9CE4B69F278C179F003AEB90 /* HomeHeaderView.swift */ = {isa = PBXFileReference; lastKnownFileType = sourcecode.swift; path = HomeHeaderView.swift; sourceTree = "<group>"; };
		9CE4B6A1278C231F003AEB90 /* HomeUpperHeaderView.swift */ = {isa = PBXFileReference; lastKnownFileType = sourcecode.swift; path = HomeUpperHeaderView.swift; sourceTree = "<group>"; };
		9CE4B6A3278C2330003AEB90 /* HomeLowerHeaderView.swift */ = {isa = PBXFileReference; lastKnownFileType = sourcecode.swift; path = HomeLowerHeaderView.swift; sourceTree = "<group>"; };
		9CE4B6A6278D8072003AEB90 /* HomeTVC.swift */ = {isa = PBXFileReference; lastKnownFileType = sourcecode.swift; path = HomeTVC.swift; sourceTree = "<group>"; };
		9CE4B6A7278D8072003AEB90 /* HomeTVC.xib */ = {isa = PBXFileReference; lastKnownFileType = file.xib; path = HomeTVC.xib; sourceTree = "<group>"; };
		9CE4B6AA278EBD0A003AEB90 /* HomeFilterVC.swift */ = {isa = PBXFileReference; lastKnownFileType = sourcecode.swift; path = HomeFilterVC.swift; sourceTree = "<group>"; };
		B54572B4BFE2D6FE223E9867 /* Pods-EggMeet.debug.xcconfig */ = {isa = PBXFileReference; includeInIndex = 1; lastKnownFileType = text.xcconfig; name = "Pods-EggMeet.debug.xcconfig"; path = "Target Support Files/Pods-EggMeet/Pods-EggMeet.debug.xcconfig"; sourceTree = "<group>"; };
		CD1B95E72799D99D009A0DF6 /* Debug.xcconfig */ = {isa = PBXFileReference; lastKnownFileType = text.xcconfig; path = Debug.xcconfig; sourceTree = "<group>"; };
		CD1B95E82799D9BA009A0DF6 /* Release.xcconfig */ = {isa = PBXFileReference; lastKnownFileType = text.xcconfig; path = Release.xcconfig; sourceTree = "<group>"; };
		CD1B96A2279AF104009A0DF6 /* MypageStoryboard.storyboard */ = {isa = PBXFileReference; lastKnownFileType = file.storyboard; path = MypageStoryboard.storyboard; sourceTree = "<group>"; };
		CD1B96E8279BF33D009A0DF6 /* MypageVC.swift */ = {isa = PBXFileReference; lastKnownFileType = sourcecode.swift; path = MypageVC.swift; sourceTree = "<group>"; };
		CD1B96EA279C35E8009A0DF6 /* MyProfileVC.swift */ = {isa = PBXFileReference; lastKnownFileType = sourcecode.swift; path = MyProfileVC.swift; sourceTree = "<group>"; };
		CD1B96EC279C39DE009A0DF6 /* MyGrowthPointVC.swift */ = {isa = PBXFileReference; lastKnownFileType = sourcecode.swift; path = MyGrowthPointVC.swift; sourceTree = "<group>"; };
		CD1B96F2279C5E8C009A0DF6 /* SeeMyProfileStoryboard.storyboard */ = {isa = PBXFileReference; lastKnownFileType = file.storyboard; path = SeeMyProfileStoryboard.storyboard; sourceTree = "<group>"; };
/* End PBXFileReference section */

/* Begin PBXFrameworksBuildPhase section */
		192C406C27785BF4003055DD /* Frameworks */ = {
			isa = PBXFrameworksBuildPhase;
			buildActionMask = 2147483647;
			files = (
				1FDF114D24F96E2867CD8DE8 /* Pods_EggMeet.framework in Frameworks */,
			);
			runOnlyForDeploymentPostprocessing = 0;
		};
/* End PBXFrameworksBuildPhase section */

/* Begin PBXGroup section */
		192C406627785BF4003055DD = {
			isa = PBXGroup;
			children = (
				192C407127785BF4003055DD /* EggMeet */,
				192C407027785BF4003055DD /* Products */,
				1AC344D49AB1ACB3D139411E /* Pods */,
				8855C4A6C7E3504077F88028 /* Frameworks */,
			);
			sourceTree = "<group>";
		};
		192C407027785BF4003055DD /* Products */ = {
			isa = PBXGroup;
			children = (
				192C406F27785BF4003055DD /* EggMeet.app */,
			);
			name = Products;
			sourceTree = "<group>";
		};
		192C407127785BF4003055DD /* EggMeet */ = {
			isa = PBXGroup;
			children = (
				9CC0D5AE279C0FB100E4885B /* Calendar */,
				CD1B969C279AF061009A0DF6 /* Mypage */,
				CD1B95E52799D885009A0DF6 /* Config */,
				9C25EE6F279177F700CBBB11 /* Login */,
				1991D0C2278C672B0081EDF5 /* Chat */,
				9CE4B694278BFB00003AEB90 /* Home */,
				9CE4B67B278078EF003AEB90 /* SignUp */,
				192C408927785C0C003055DD /* EggMeet.entitlements */,
				192C407227785BF4003055DD /* AppDelegate.swift */,
				192C407427785BF4003055DD /* SceneDelegate.swift */,
				192C407627785BF4003055DD /* ViewController.swift */,
				192C407827785BF4003055DD /* Main.storyboard */,
				192C407E27785BF5003055DD /* Assets.xcassets */,
				192C408027785BF5003055DD /* LaunchScreen.storyboard */,
				192C407B27785BF4003055DD /* EggMeet.xcdatamodeld */,
				192C408A277869AD003055DD /* User.swift */,
				192C408327785BF5003055DD /* Info.plist */,
				192C408C27786A32003055DD /* MainViewController.swift */,
				19256CE727913BEB0038336E /* BanUserVC.swift */,
			);
			path = EggMeet;
			sourceTree = "<group>";
		};
		1991D0C2278C672B0081EDF5 /* Chat */ = {
			isa = PBXGroup;
			children = (
				1991D0CA278C69110081EDF5 /* Model */,
				1991D0C4278C67500081EDF5 /* View */,
				1991D0C3278C674C0081EDF5 /* VC */,
			);
			path = Chat;
			sourceTree = "<group>";
		};
		1991D0C3278C674C0081EDF5 /* VC */ = {
			isa = PBXGroup;
			children = (
				1991D0C8278C68540081EDF5 /* ChatListVC.swift */,
				199DD176278D98E800E35723 /* ChatroomVC.swift */,
				19797FE22793E42500680B21 /* ChatNavigationController.swift */,
				1954A02D279C4A7300D8745B /* ChatListNavigationItem.swift */,
			);
			path = VC;
			sourceTree = "<group>";
		};
		1991D0C4278C67500081EDF5 /* View */ = {
			isa = PBXGroup;
			children = (
				1991D0C5278C675A0081EDF5 /* StoryBoard */,
				19F5A9F52794454E00954AFA /* ChatTVC.swift */,
				1971B6A3279BF13400FF64BA /* SendMentorRequestTVC.swift */,
				1934F2092799BD6800C05B09 /* ChatOpponentTVC.swift */,
				19D9DF8D279D7A9E0050E7C3 /* ChatBot.swift */,
				19D9DF8F279D816A0050E7C3 /* WelcomeChatroomTVC.swift */,
				19D9DF91279D860E0050E7C3 /* RegisterScheduleTVC.swift */,
				19D9DF93279D8AE30050E7C3 /* ConfirmMentoringTVC.swift */,
			);
			path = View;
			sourceTree = "<group>";
		};
		1991D0C5278C675A0081EDF5 /* StoryBoard */ = {
			isa = PBXGroup;
			children = (
				1991D0C6278C676A0081EDF5 /* Chat.storyboard */,
			);
			path = StoryBoard;
			sourceTree = "<group>";
		};
		1991D0CA278C69110081EDF5 /* Model */ = {
			isa = PBXGroup;
			children = (
				1991D0CB278C69280081EDF5 /* ChatProfileVO.swift */,
				1984331A278EC1CA00245BB7 /* chatType.swift */,
				193C624D279302BD0036C09C /* ChatroomID.swift */,
				19797FE02793100800680B21 /* chatDto.swift */,
			);
			path = Model;
			sourceTree = "<group>";
		};
		1AC344D49AB1ACB3D139411E /* Pods */ = {
			isa = PBXGroup;
			children = (
				B54572B4BFE2D6FE223E9867 /* Pods-EggMeet.debug.xcconfig */,
				45457B4AF0FF7C34AEC5106F /* Pods-EggMeet.release.xcconfig */,
			);
			path = Pods;
			sourceTree = "<group>";
		};
		8855C4A6C7E3504077F88028 /* Frameworks */ = {
			isa = PBXGroup;
			children = (
				213EDAFC3CEFDC860F9CF9BD /* Pods_EggMeet.framework */,
			);
			name = Frameworks;
			sourceTree = "<group>";
		};
		9C25EE5D278ED6E000CBBB11 /* Model */ = {
			isa = PBXGroup;
			children = (
				9C25EE6127900B3600CBBB11 /* HomeResponseModel.swift */,
				9C25EE6327900E7900CBBB11 /* Location.swift */,
				9C25EE6527900F2000CBBB11 /* Sex.swift */,
				9C25EE6727900F6400CBBB11 /* Category.swift */,
				9C25EE6D279166D900CBBB11 /* UserMentorResponseModel.swift */,
			);
			path = Model;
			sourceTree = "<group>";
		};
		9C25EE5E278FFEEA00CBBB11 /* Network */ = {
			isa = PBXGroup;
			children = (
				9C25EE5F2790008F00CBBB11 /* HomeNetwork.swift */,
			);
			path = Network;
			sourceTree = "<group>";
		};
		9C25EE6F279177F700CBBB11 /* Login */ = {
			isa = PBXGroup;
			children = (
				9C25EE702791780000CBBB11 /* Model */,
			);
			path = Login;
			sourceTree = "<group>";
		};
		9C25EE702791780000CBBB11 /* Model */ = {
			isa = PBXGroup;
			children = (
				9C25EE712791781200CBBB11 /* LoginTokenModel.swift */,
			);
			path = Model;
			sourceTree = "<group>";
		};
		9CC0D5AA279BD8BD00E4885B /* View */ = {
			isa = PBXGroup;
			children = (
				9CC0D5AB279BD8C400E4885B /* Cell */,
			);
			path = View;
			sourceTree = "<group>";
		};
		9CC0D5AB279BD8C400E4885B /* Cell */ = {
			isa = PBXGroup;
			children = (
				9CC0D5AC279BD8E000E4885B /* LocationCollectionViewCell.swift */,
			);
			path = Cell;
			sourceTree = "<group>";
		};
		9CC0D5AE279C0FB100E4885B /* Calendar */ = {
			isa = PBXGroup;
			children = (
				9CC0D5B0279C0FCE00E4885B /* VC */,
				9CC0D5AF279C0FC200E4885B /* View */,
			);
			path = Calendar;
			sourceTree = "<group>";
		};
		9CC0D5AF279C0FC200E4885B /* View */ = {
			isa = PBXGroup;
			children = (
				9CC0D5B1279C0FF200E4885B /* CalendarStoryboard.storyboard */,
			);
			path = View;
			sourceTree = "<group>";
		};
		9CC0D5B0279C0FCE00E4885B /* VC */ = {
			isa = PBXGroup;
			children = (
				9CC0D5B3279C100500E4885B /* CalendarVC.swift */,
				9CC0D5B5279D128C00E4885B /* NewMentoringRegisterVC.swift */,
				9CC0D5B7279D12E700E4885B /* TotalScheduleVC.swift */,
				9CC0D5B9279D12F900E4885B /* PartnerScheduleVC.swift */,
				9CC0D5BB279D130A00E4885B /* MyMeetReviewVC.swift */,
				9CC0D5BF279D2EC400E4885B /* NewMentoringScheduleSetVC.swift */,
				9CC0D5C1279D4B4A00E4885B /* NewMentoringSelectPopUpVC.swift */,
			);
			path = VC;
			sourceTree = "<group>";
		};
		9CE4B67B278078EF003AEB90 /* SignUp */ = {
			isa = PBXGroup;
			children = (
				9CC0D5AA279BD8BD00E4885B /* View */,
				9CE4B67C27807A50003AEB90 /* SignUpNickNameVC.swift */,
				9CE4B67E2780801B003AEB90 /* SignUpLocationVC.swift */,
				9CE4B68027808410003AEB90 /* SignUpSelfIntroduceVC.swift */,
				9CE4B6822780842E003AEB90 /* SignUpMentoAreaSelectionVC.swift */,
				9CE4B68427808444003AEB90 /* SignUpMentoDetailIntroduceVC.swift */,
				9CE4B6862781F3C3003AEB90 /* SignUpIntroducePopUpVC.swift */,
				196F0FA42782D9E20007C3AA /* SignUpMentorAreaCareerVC.swift */,
				19FEC4942782DB6D00F18D8F /* SignUpSetGrowthPointVC.swift */,
				196D73AA2786C59000B0B50A /* ExplainGrowthPointVC.swift */,
				19FEC4962782E06100F18D8F /* SignUpSetMenteeAreaCategoryVC.swift */,
				19FEC4982782E22500F18D8F /* SignUpSetMenteeAreaDescriptionVC.swift */,
				19FEC49A2782E28100F18D8F /* SignUpSetChannelVC.swift */,
				19FEC49C2782E41300F18D8F /* SignUpCheckTermsOfServiceVC.swift */,
				19FEC49E2782E5E100F18D8F /* SignUpCheckTermsOfMaliciousContentVC.swift */,
				19C6A085278A158F00074125 /* SignUpShowTermsOfServiceVC.swift */,
				19C6A08B278A16D100074125 /* SignUpShowPersonalInfoVC.swift */,
				19FEC4A02782E9BD00F18D8F /* SignUpEndVC.swift */,
				193DABFC278856FE009F71AA /* RegisterUser.swift */,
				9C25EE692790423F00CBBB11 /* SignUpAgeVC.swift */,
				9C25EE6B27904DFF00CBBB11 /* SignUpSexVC.swift */,
			);
			path = SignUp;
			sourceTree = "<group>";
		};
		9CE4B694278BFB00003AEB90 /* Home */ = {
			isa = PBXGroup;
			children = (
				9C25EE5E278FFEEA00CBBB11 /* Network */,
				9C25EE5D278ED6E000CBBB11 /* Model */,
				9CE4B69A278C0095003AEB90 /* View */,
				9CE4B699278C0065003AEB90 /* VC */,
			);
			path = Home;
			sourceTree = "<group>";
		};
		9CE4B699278C0065003AEB90 /* VC */ = {
			isa = PBXGroup;
			children = (
				9CE4B697278BFFAE003AEB90 /* HomeVC.swift */,
				9CE4B69C278C07A5003AEB90 /* GrowthPointVC.swift */,
				9CE4B6AA278EBD0A003AEB90 /* HomeFilterVC.swift */,
				9CC0D5A027957FFC00E4885B /* HomeSearchVC.swift */,
				9CC0D5A227959CA800E4885B /* HomeNoticeVC.swift */,
				9CC0D5A42796AC3E00E4885B /* HomeNoticeTableVC.swift */,
			);
			path = VC;
			sourceTree = "<group>";
		};
		9CE4B69A278C0095003AEB90 /* View */ = {
			isa = PBXGroup;
			children = (
				9CE4B6A5278D7E26003AEB90 /* Cell */,
				9CE4B69E278C13B3003AEB90 /* HeaderView */,
				9CE4B69B278C00AD003AEB90 /* StoryBoard */,
			);
			path = View;
			sourceTree = "<group>";
		};
		9CE4B69B278C00AD003AEB90 /* StoryBoard */ = {
			isa = PBXGroup;
			children = (
				9CE4B695278BFB1A003AEB90 /* HomeStoryboard.storyboard */,
			);
			path = StoryBoard;
			sourceTree = "<group>";
		};
		9CE4B69E278C13B3003AEB90 /* HeaderView */ = {
			isa = PBXGroup;
			children = (
				9CE4B69F278C179F003AEB90 /* HomeHeaderView.swift */,
				9CE4B6A1278C231F003AEB90 /* HomeUpperHeaderView.swift */,
				9CE4B6A3278C2330003AEB90 /* HomeLowerHeaderView.swift */,
			);
			path = HeaderView;
			sourceTree = "<group>";
		};
		9CE4B6A5278D7E26003AEB90 /* Cell */ = {
			isa = PBXGroup;
			children = (
				9CE4B6A6278D8072003AEB90 /* HomeTVC.swift */,
				9CE4B6A7278D8072003AEB90 /* HomeTVC.xib */,
				9CC0D5A62796BCCC00E4885B /* HomeNoticeTVC.swift */,
				9CC0D5A72796BCCC00E4885B /* HomeNoticeTVC.xib */,
			);
			path = Cell;
			sourceTree = "<group>";
		};
		CD1B95E52799D885009A0DF6 /* Config */ = {
			isa = PBXGroup;
			children = (
				CD1B95E72799D99D009A0DF6 /* Debug.xcconfig */,
				CD1B95E82799D9BA009A0DF6 /* Release.xcconfig */,
			);
			path = Config;
			sourceTree = "<group>";
		};
		CD1B969C279AF061009A0DF6 /* Mypage */ = {
			isa = PBXGroup;
			children = (
				CD1B96A1279AF0C3009A0DF6 /* VC */,
				CD1B96A0279AF0B6009A0DF6 /* View */,
				CD1B969F279AF0AA009A0DF6 /* Model */,
				CD1B969D279AF098009A0DF6 /* Network */,
			);
			path = Mypage;
			sourceTree = "<group>";
		};
		CD1B969D279AF098009A0DF6 /* Network */ = {
			isa = PBXGroup;
			children = (
			);
			path = Network;
			sourceTree = "<group>";
		};
		CD1B969F279AF0AA009A0DF6 /* Model */ = {
			isa = PBXGroup;
			children = (
			);
			path = Model;
			sourceTree = "<group>";
		};
		CD1B96A0279AF0B6009A0DF6 /* View */ = {
			isa = PBXGroup;
			children = (
				CD1B96A2279AF104009A0DF6 /* MypageStoryboard.storyboard */,
				CD1B96F2279C5E8C009A0DF6 /* SeeMyProfileStoryboard.storyboard */,
			);
			path = View;
			sourceTree = "<group>";
		};
		CD1B96A1279AF0C3009A0DF6 /* VC */ = {
			isa = PBXGroup;
			children = (
				CD1B96E8279BF33D009A0DF6 /* MypageVC.swift */,
				CD1B96EA279C35E8009A0DF6 /* MyProfileVC.swift */,
				CD1B96EC279C39DE009A0DF6 /* MyGrowthPointVC.swift */,
			);
			path = VC;
			sourceTree = "<group>";
		};
/* End PBXGroup section */

/* Begin PBXNativeTarget section */
		192C406E27785BF4003055DD /* EggMeet */ = {
			isa = PBXNativeTarget;
			buildConfigurationList = 192C408627785BF5003055DD /* Build configuration list for PBXNativeTarget "EggMeet" */;
			buildPhases = (
				521E201303000CA04F12304B /* [CP] Check Pods Manifest.lock */,
				192C406B27785BF4003055DD /* Sources */,
				192C406C27785BF4003055DD /* Frameworks */,
				192C406D27785BF4003055DD /* Resources */,
				56654EE850D804520CC27F92 /* [CP] Embed Pods Frameworks */,
			);
			buildRules = (
			);
			dependencies = (
			);
			name = EggMeet;
			productName = EggMeet;
			productReference = 192C406F27785BF4003055DD /* EggMeet.app */;
			productType = "com.apple.product-type.application";
		};
/* End PBXNativeTarget section */

/* Begin PBXProject section */
		192C406727785BF4003055DD /* Project object */ = {
			isa = PBXProject;
			attributes = {
				BuildIndependentTargetsInParallel = 1;
				LastSwiftUpdateCheck = 1310;
				LastUpgradeCheck = 1310;
				TargetAttributes = {
					192C406E27785BF4003055DD = {
						CreatedOnToolsVersion = 13.1;
					};
				};
			};
			buildConfigurationList = 192C406A27785BF4003055DD /* Build configuration list for PBXProject "EggMeet" */;
			compatibilityVersion = "Xcode 13.0";
			developmentRegion = en;
			hasScannedForEncodings = 0;
			knownRegions = (
				en,
				Base,
			);
			mainGroup = 192C406627785BF4003055DD;
			productRefGroup = 192C407027785BF4003055DD /* Products */;
			projectDirPath = "";
			projectRoot = "";
			targets = (
				192C406E27785BF4003055DD /* EggMeet */,
			);
		};
/* End PBXProject section */

/* Begin PBXResourcesBuildPhase section */
		192C406D27785BF4003055DD /* Resources */ = {
			isa = PBXResourcesBuildPhase;
			buildActionMask = 2147483647;
			files = (
				9CC0D5A92796BCCC00E4885B /* HomeNoticeTVC.xib in Resources */,
				9CE4B6A9278D8072003AEB90 /* HomeTVC.xib in Resources */,
				9CC0D5B2279C0FF200E4885B /* CalendarStoryboard.storyboard in Resources */,
				192C408227785BF5003055DD /* LaunchScreen.storyboard in Resources */,
				192C407F27785BF5003055DD /* Assets.xcassets in Resources */,
				CD1B96F3279C5E8D009A0DF6 /* SeeMyProfileStoryboard.storyboard in Resources */,
				9CE4B696278BFB1A003AEB90 /* HomeStoryboard.storyboard in Resources */,
				1991D0C7278C676A0081EDF5 /* Chat.storyboard in Resources */,
				CD1B96A3279AF104009A0DF6 /* MypageStoryboard.storyboard in Resources */,
				192C407A27785BF4003055DD /* Main.storyboard in Resources */,
			);
			runOnlyForDeploymentPostprocessing = 0;
		};
/* End PBXResourcesBuildPhase section */

/* Begin PBXShellScriptBuildPhase section */
		521E201303000CA04F12304B /* [CP] Check Pods Manifest.lock */ = {
			isa = PBXShellScriptBuildPhase;
			buildActionMask = 2147483647;
			files = (
			);
			inputFileListPaths = (
			);
			inputPaths = (
				"${PODS_PODFILE_DIR_PATH}/Podfile.lock",
				"${PODS_ROOT}/Manifest.lock",
			);
			name = "[CP] Check Pods Manifest.lock";
			outputFileListPaths = (
			);
			outputPaths = (
				"$(DERIVED_FILE_DIR)/Pods-EggMeet-checkManifestLockResult.txt",
			);
			runOnlyForDeploymentPostprocessing = 0;
			shellPath = /bin/sh;
			shellScript = "diff \"${PODS_PODFILE_DIR_PATH}/Podfile.lock\" \"${PODS_ROOT}/Manifest.lock\" > /dev/null\nif [ $? != 0 ] ; then\n    # print error to STDERR\n    echo \"error: The sandbox is not in sync with the Podfile.lock. Run 'pod install' or update your CocoaPods installation.\" >&2\n    exit 1\nfi\n# This output is used by Xcode 'outputs' to avoid re-running this script phase.\necho \"SUCCESS\" > \"${SCRIPT_OUTPUT_FILE_0}\"\n";
			showEnvVarsInLog = 0;
		};
		56654EE850D804520CC27F92 /* [CP] Embed Pods Frameworks */ = {
			isa = PBXShellScriptBuildPhase;
			buildActionMask = 2147483647;
			files = (
			);
			inputFileListPaths = (
				"${PODS_ROOT}/Target Support Files/Pods-EggMeet/Pods-EggMeet-frameworks-${CONFIGURATION}-input-files.xcfilelist",
			);
			name = "[CP] Embed Pods Frameworks";
			outputFileListPaths = (
				"${PODS_ROOT}/Target Support Files/Pods-EggMeet/Pods-EggMeet-frameworks-${CONFIGURATION}-output-files.xcfilelist",
			);
			runOnlyForDeploymentPostprocessing = 0;
			shellPath = /bin/sh;
			shellScript = "\"${PODS_ROOT}/Target Support Files/Pods-EggMeet/Pods-EggMeet-frameworks.sh\"\n";
			showEnvVarsInLog = 0;
		};
/* End PBXShellScriptBuildPhase section */

/* Begin PBXSourcesBuildPhase section */
		192C406B27785BF4003055DD /* Sources */ = {
			isa = PBXSourcesBuildPhase;
			buildActionMask = 2147483647;
			files = (
				1954A02E279C4A7300D8745B /* ChatListNavigationItem.swift in Sources */,
				9CE4B6832780842E003AEB90 /* SignUpMentoAreaSelectionVC.swift in Sources */,
				9C25EE722791781200CBBB11 /* LoginTokenModel.swift in Sources */,
				9CC0D5AD279BD8E000E4885B /* LocationCollectionViewCell.swift in Sources */,
				1984331B278EC1CA00245BB7 /* chatType.swift in Sources */,
				19D9DF8E279D7A9E0050E7C3 /* ChatBot.swift in Sources */,
				9C25EE6427900E7900CBBB11 /* Location.swift in Sources */,
				9CE4B68127808410003AEB90 /* SignUpSelfIntroduceVC.swift in Sources */,
				9CC0D5A327959CA800E4885B /* HomeNoticeVC.swift in Sources */,
				19797FE32793E42500680B21 /* ChatNavigationController.swift in Sources */,
				9CC0D5C0279D2EC400E4885B /* NewMentoringScheduleSetVC.swift in Sources */,
				19D9DF94279D8AE40050E7C3 /* ConfirmMentoringTVC.swift in Sources */,
				19FEC49D2782E41300F18D8F /* SignUpCheckTermsOfServiceVC.swift in Sources */,
				9CC0D5BC279D130A00E4885B /* MyMeetReviewVC.swift in Sources */,
				193DABFD278856FE009F71AA /* RegisterUser.swift in Sources */,
				9CE4B68527808444003AEB90 /* SignUpMentoDetailIntroduceVC.swift in Sources */,
				9C25EE6627900F2000CBBB11 /* Sex.swift in Sources */,
				19D9DF90279D816A0050E7C3 /* WelcomeChatroomTVC.swift in Sources */,
				9C25EE6C27904DFF00CBBB11 /* SignUpSexVC.swift in Sources */,
				9CC0D5A82796BCCC00E4885B /* HomeNoticeTVC.swift in Sources */,
				192C407727785BF4003055DD /* ViewController.swift in Sources */,
				192C407327785BF4003055DD /* AppDelegate.swift in Sources */,
				199DD177278D98E800E35723 /* ChatroomVC.swift in Sources */,
				9C25EE6E279166D900CBBB11 /* UserMentorResponseModel.swift in Sources */,
				196D73AB2786C59000B0B50A /* ExplainGrowthPointVC.swift in Sources */,
				192C407D27785BF4003055DD /* EggMeet.xcdatamodeld in Sources */,
				192C408D27786A32003055DD /* MainViewController.swift in Sources */,
				19FEC4992782E22500F18D8F /* SignUpSetMenteeAreaDescriptionVC.swift in Sources */,
				9CC0D5A127957FFC00E4885B /* HomeSearchVC.swift in Sources */,
				19FEC49B2782E28100F18D8F /* SignUpSetChannelVC.swift in Sources */,
				9C25EE602790008F00CBBB11 /* HomeNetwork.swift in Sources */,
				193C624E279302BD0036C09C /* ChatroomID.swift in Sources */,
				1934F20A2799BD6800C05B09 /* ChatOpponentTVC.swift in Sources */,
				9CE4B6A0278C179F003AEB90 /* HomeHeaderView.swift in Sources */,
				9C25EE6227900B3600CBBB11 /* HomeResponseModel.swift in Sources */,
				9CE4B6A2278C231F003AEB90 /* HomeUpperHeaderView.swift in Sources */,
				9CE4B6AB278EBD0A003AEB90 /* HomeFilterVC.swift in Sources */,
				9CE4B6A8278D8072003AEB90 /* HomeTVC.swift in Sources */,
				19FEC49F2782E5E100F18D8F /* SignUpCheckTermsOfMaliciousContentVC.swift in Sources */,
				9C25EE6A2790423F00CBBB11 /* SignUpAgeVC.swift in Sources */,
				19D9DF92279D860E0050E7C3 /* RegisterScheduleTVC.swift in Sources */,
				19FEC4952782DB6D00F18D8F /* SignUpSetGrowthPointVC.swift in Sources */,
				192C408B277869AD003055DD /* User.swift in Sources */,
				CD1B96E9279BF33D009A0DF6 /* MypageVC.swift in Sources */,
				9CC0D5BA279D12F900E4885B /* PartnerScheduleVC.swift in Sources */,
				9CE4B67D27807A50003AEB90 /* SignUpNickNameVC.swift in Sources */,
				19F5A9F62794454E00954AFA /* ChatTVC.swift in Sources */,
				19FEC4972782E06100F18D8F /* SignUpSetMenteeAreaCategoryVC.swift in Sources */,
				19C6A08C278A16D100074125 /* SignUpShowPersonalInfoVC.swift in Sources */,
				9CC0D5B8279D12E700E4885B /* TotalScheduleVC.swift in Sources */,
				192C407527785BF4003055DD /* SceneDelegate.swift in Sources */,
				19256CE827913BEB0038336E /* BanUserVC.swift in Sources */,
				9CE4B67F2780801B003AEB90 /* SignUpLocationVC.swift in Sources */,
				9CE4B69D278C07A5003AEB90 /* GrowthPointVC.swift in Sources */,
				9CC0D5A52796AC3E00E4885B /* HomeNoticeTableVC.swift in Sources */,
				9CE4B6A4278C2330003AEB90 /* HomeLowerHeaderView.swift in Sources */,
				1991D0C9278C68540081EDF5 /* ChatListVC.swift in Sources */,
				CD1B96EB279C35E8009A0DF6 /* MyProfileVC.swift in Sources */,
				19797FE12793100800680B21 /* chatDto.swift in Sources */,
				1971B6A4279BF13400FF64BA /* SendMentorRequestTVC.swift in Sources */,
				19C6A086278A158F00074125 /* SignUpShowTermsOfServiceVC.swift in Sources */,
				9CE4B698278BFFAE003AEB90 /* HomeVC.swift in Sources */,
				196F0FA52782D9E20007C3AA /* SignUpMentorAreaCareerVC.swift in Sources */,
				9CC0D5B6279D128C00E4885B /* NewMentoringRegisterVC.swift in Sources */,
				9CC0D5C2279D4B4B00E4885B /* NewMentoringSelectPopUpVC.swift in Sources */,
				19FEC4A12782E9BD00F18D8F /* SignUpEndVC.swift in Sources */,
				9CE4B6872781F3C3003AEB90 /* SignUpIntroducePopUpVC.swift in Sources */,
				1991D0CC278C69280081EDF5 /* ChatProfileVO.swift in Sources */,
				9C25EE6827900F6400CBBB11 /* Category.swift in Sources */,
				9CC0D5B4279C100500E4885B /* CalendarVC.swift in Sources */,
				CD1B96ED279C39DE009A0DF6 /* MyGrowthPointVC.swift in Sources */,
			);
			runOnlyForDeploymentPostprocessing = 0;
		};
/* End PBXSourcesBuildPhase section */

/* Begin PBXVariantGroup section */
		192C407827785BF4003055DD /* Main.storyboard */ = {
			isa = PBXVariantGroup;
			children = (
				192C407927785BF4003055DD /* Base */,
			);
			name = Main.storyboard;
			sourceTree = "<group>";
		};
		192C408027785BF5003055DD /* LaunchScreen.storyboard */ = {
			isa = PBXVariantGroup;
			children = (
				192C408127785BF5003055DD /* Base */,
			);
			name = LaunchScreen.storyboard;
			sourceTree = "<group>";
		};
/* End PBXVariantGroup section */

/* Begin XCBuildConfiguration section */
		192C408427785BF5003055DD /* Debug */ = {
			isa = XCBuildConfiguration;
			buildSettings = {
				ALWAYS_SEARCH_USER_PATHS = NO;
				CLANG_ANALYZER_NONNULL = YES;
				CLANG_ANALYZER_NUMBER_OBJECT_CONVERSION = YES_AGGRESSIVE;
				CLANG_CXX_LANGUAGE_STANDARD = "gnu++17";
				CLANG_CXX_LIBRARY = "libc++";
				CLANG_ENABLE_MODULES = YES;
				CLANG_ENABLE_OBJC_ARC = YES;
				CLANG_ENABLE_OBJC_WEAK = YES;
				CLANG_WARN_BLOCK_CAPTURE_AUTORELEASING = YES;
				CLANG_WARN_BOOL_CONVERSION = YES;
				CLANG_WARN_COMMA = YES;
				CLANG_WARN_CONSTANT_CONVERSION = YES;
				CLANG_WARN_DEPRECATED_OBJC_IMPLEMENTATIONS = YES;
				CLANG_WARN_DIRECT_OBJC_ISA_USAGE = YES_ERROR;
				CLANG_WARN_DOCUMENTATION_COMMENTS = YES;
				CLANG_WARN_EMPTY_BODY = YES;
				CLANG_WARN_ENUM_CONVERSION = YES;
				CLANG_WARN_INFINITE_RECURSION = YES;
				CLANG_WARN_INT_CONVERSION = YES;
				CLANG_WARN_NON_LITERAL_NULL_CONVERSION = YES;
				CLANG_WARN_OBJC_IMPLICIT_RETAIN_SELF = YES;
				CLANG_WARN_OBJC_LITERAL_CONVERSION = YES;
				CLANG_WARN_OBJC_ROOT_CLASS = YES_ERROR;
				CLANG_WARN_QUOTED_INCLUDE_IN_FRAMEWORK_HEADER = YES;
				CLANG_WARN_RANGE_LOOP_ANALYSIS = YES;
				CLANG_WARN_STRICT_PROTOTYPES = YES;
				CLANG_WARN_SUSPICIOUS_MOVE = YES;
				CLANG_WARN_UNGUARDED_AVAILABILITY = YES_AGGRESSIVE;
				CLANG_WARN_UNREACHABLE_CODE = YES;
				CLANG_WARN__DUPLICATE_METHOD_MATCH = YES;
				COPY_PHASE_STRIP = NO;
				DEBUG_INFORMATION_FORMAT = dwarf;
				ENABLE_STRICT_OBJC_MSGSEND = YES;
				ENABLE_TESTABILITY = YES;
				GCC_C_LANGUAGE_STANDARD = gnu11;
				GCC_DYNAMIC_NO_PIC = NO;
				GCC_NO_COMMON_BLOCKS = YES;
				GCC_OPTIMIZATION_LEVEL = 0;
				GCC_PREPROCESSOR_DEFINITIONS = (
					"DEBUG=1",
					"$(inherited)",
				);
				GCC_WARN_64_TO_32_BIT_CONVERSION = YES;
				GCC_WARN_ABOUT_RETURN_TYPE = YES_ERROR;
				GCC_WARN_UNDECLARED_SELECTOR = YES;
				GCC_WARN_UNINITIALIZED_AUTOS = YES_AGGRESSIVE;
				GCC_WARN_UNUSED_FUNCTION = YES;
				GCC_WARN_UNUSED_VARIABLE = YES;
				IPHONEOS_DEPLOYMENT_TARGET = 15.0;
				MTL_ENABLE_DEBUG_INFO = INCLUDE_SOURCE;
				MTL_FAST_MATH = YES;
				ONLY_ACTIVE_ARCH = YES;
				SDKROOT = iphoneos;
				SWIFT_ACTIVE_COMPILATION_CONDITIONS = DEBUG;
				SWIFT_OPTIMIZATION_LEVEL = "-Onone";
			};
			name = Debug;
		};
		192C408527785BF5003055DD /* Release */ = {
			isa = XCBuildConfiguration;
			buildSettings = {
				ALWAYS_SEARCH_USER_PATHS = NO;
				CLANG_ANALYZER_NONNULL = YES;
				CLANG_ANALYZER_NUMBER_OBJECT_CONVERSION = YES_AGGRESSIVE;
				CLANG_CXX_LANGUAGE_STANDARD = "gnu++17";
				CLANG_CXX_LIBRARY = "libc++";
				CLANG_ENABLE_MODULES = YES;
				CLANG_ENABLE_OBJC_ARC = YES;
				CLANG_ENABLE_OBJC_WEAK = YES;
				CLANG_WARN_BLOCK_CAPTURE_AUTORELEASING = YES;
				CLANG_WARN_BOOL_CONVERSION = YES;
				CLANG_WARN_COMMA = YES;
				CLANG_WARN_CONSTANT_CONVERSION = YES;
				CLANG_WARN_DEPRECATED_OBJC_IMPLEMENTATIONS = YES;
				CLANG_WARN_DIRECT_OBJC_ISA_USAGE = YES_ERROR;
				CLANG_WARN_DOCUMENTATION_COMMENTS = YES;
				CLANG_WARN_EMPTY_BODY = YES;
				CLANG_WARN_ENUM_CONVERSION = YES;
				CLANG_WARN_INFINITE_RECURSION = YES;
				CLANG_WARN_INT_CONVERSION = YES;
				CLANG_WARN_NON_LITERAL_NULL_CONVERSION = YES;
				CLANG_WARN_OBJC_IMPLICIT_RETAIN_SELF = YES;
				CLANG_WARN_OBJC_LITERAL_CONVERSION = YES;
				CLANG_WARN_OBJC_ROOT_CLASS = YES_ERROR;
				CLANG_WARN_QUOTED_INCLUDE_IN_FRAMEWORK_HEADER = YES;
				CLANG_WARN_RANGE_LOOP_ANALYSIS = YES;
				CLANG_WARN_STRICT_PROTOTYPES = YES;
				CLANG_WARN_SUSPICIOUS_MOVE = YES;
				CLANG_WARN_UNGUARDED_AVAILABILITY = YES_AGGRESSIVE;
				CLANG_WARN_UNREACHABLE_CODE = YES;
				CLANG_WARN__DUPLICATE_METHOD_MATCH = YES;
				COPY_PHASE_STRIP = NO;
				DEBUG_INFORMATION_FORMAT = "dwarf-with-dsym";
				ENABLE_NS_ASSERTIONS = NO;
				ENABLE_STRICT_OBJC_MSGSEND = YES;
				GCC_C_LANGUAGE_STANDARD = gnu11;
				GCC_NO_COMMON_BLOCKS = YES;
				GCC_WARN_64_TO_32_BIT_CONVERSION = YES;
				GCC_WARN_ABOUT_RETURN_TYPE = YES_ERROR;
				GCC_WARN_UNDECLARED_SELECTOR = YES;
				GCC_WARN_UNINITIALIZED_AUTOS = YES_AGGRESSIVE;
				GCC_WARN_UNUSED_FUNCTION = YES;
				GCC_WARN_UNUSED_VARIABLE = YES;
				IPHONEOS_DEPLOYMENT_TARGET = 15.0;
				MTL_ENABLE_DEBUG_INFO = NO;
				MTL_FAST_MATH = YES;
				SDKROOT = iphoneos;
				SWIFT_COMPILATION_MODE = wholemodule;
				SWIFT_OPTIMIZATION_LEVEL = "-O";
				VALIDATE_PRODUCT = YES;
			};
			name = Release;
		};
		192C408727785BF5003055DD /* Debug */ = {
			isa = XCBuildConfiguration;
			baseConfigurationReference = CD1B95E72799D99D009A0DF6 /* Debug.xcconfig */;
			buildSettings = {
				ASSETCATALOG_COMPILER_APPICON_NAME = AppIcon;
				ASSETCATALOG_COMPILER_GLOBAL_ACCENT_COLOR_NAME = AccentColor;
				CODE_SIGN_ENTITLEMENTS = EggMeet/EggMeet.entitlements;
				CODE_SIGN_STYLE = Automatic;
				CURRENT_PROJECT_VERSION = 1;
				DEVELOPMENT_TEAM = CHQLLQPH65;
				GENERATE_INFOPLIST_FILE = YES;
				INFOPLIST_FILE = EggMeet/Info.plist;
				INFOPLIST_KEY_CFBundleDisplayName = EggMeet;
				INFOPLIST_KEY_UIApplicationSupportsIndirectInputEvents = YES;
				INFOPLIST_KEY_UILaunchStoryboardName = LaunchScreen;
				INFOPLIST_KEY_UIMainStoryboardFile = Main;
				INFOPLIST_KEY_UISupportedInterfaceOrientations_iPad = "UIInterfaceOrientationPortrait UIInterfaceOrientationPortraitUpsideDown UIInterfaceOrientationLandscapeLeft UIInterfaceOrientationLandscapeRight";
				INFOPLIST_KEY_UISupportedInterfaceOrientations_iPhone = "UIInterfaceOrientationPortrait UIInterfaceOrientationLandscapeLeft UIInterfaceOrientationLandscapeRight";
				LD_RUNPATH_SEARCH_PATHS = (
					"$(inherited)",
					"@executable_path/Frameworks",
				);
				MARKETING_VERSION = 1.0;
				PRODUCT_BUNDLE_IDENTIFIER = com.FivePotato.EggMeet;
				PRODUCT_NAME = "$(TARGET_NAME)";
				SWIFT_EMIT_LOC_STRINGS = YES;
				SWIFT_VERSION = 5.0;
				TARGETED_DEVICE_FAMILY = "1,2";
			};
			name = Debug;
		};
		192C408827785BF5003055DD /* Release */ = {
			isa = XCBuildConfiguration;
			baseConfigurationReference = CD1B95E82799D9BA009A0DF6 /* Release.xcconfig */;
			buildSettings = {
				ASSETCATALOG_COMPILER_APPICON_NAME = AppIcon;
				ASSETCATALOG_COMPILER_GLOBAL_ACCENT_COLOR_NAME = AccentColor;
				CODE_SIGN_ENTITLEMENTS = EggMeet/EggMeet.entitlements;
				CODE_SIGN_STYLE = Automatic;
				CURRENT_PROJECT_VERSION = 1;
				DEVELOPMENT_TEAM = CHQLLQPH65;
				GENERATE_INFOPLIST_FILE = YES;
				INFOPLIST_FILE = EggMeet/Info.plist;
				INFOPLIST_KEY_CFBundleDisplayName = EggMeet;
				INFOPLIST_KEY_UIApplicationSupportsIndirectInputEvents = YES;
				INFOPLIST_KEY_UILaunchStoryboardName = LaunchScreen;
				INFOPLIST_KEY_UIMainStoryboardFile = Main;
				INFOPLIST_KEY_UISupportedInterfaceOrientations_iPad = "UIInterfaceOrientationPortrait UIInterfaceOrientationPortraitUpsideDown UIInterfaceOrientationLandscapeLeft UIInterfaceOrientationLandscapeRight";
				INFOPLIST_KEY_UISupportedInterfaceOrientations_iPhone = "UIInterfaceOrientationPortrait UIInterfaceOrientationLandscapeLeft UIInterfaceOrientationLandscapeRight";
				LD_RUNPATH_SEARCH_PATHS = (
					"$(inherited)",
					"@executable_path/Frameworks",
				);
				MARKETING_VERSION = 1.0;
				PRODUCT_BUNDLE_IDENTIFIER = com.FivePotato.EggMeet;
				PRODUCT_NAME = "$(TARGET_NAME)";
				SWIFT_EMIT_LOC_STRINGS = YES;
				SWIFT_VERSION = 5.0;
				TARGETED_DEVICE_FAMILY = "1,2";
			};
			name = Release;
		};
/* End XCBuildConfiguration section */

/* Begin XCConfigurationList section */
		192C406A27785BF4003055DD /* Build configuration list for PBXProject "EggMeet" */ = {
			isa = XCConfigurationList;
			buildConfigurations = (
				192C408427785BF5003055DD /* Debug */,
				192C408527785BF5003055DD /* Release */,
			);
			defaultConfigurationIsVisible = 0;
			defaultConfigurationName = Release;
		};
		192C408627785BF5003055DD /* Build configuration list for PBXNativeTarget "EggMeet" */ = {
			isa = XCConfigurationList;
			buildConfigurations = (
				192C408727785BF5003055DD /* Debug */,
				192C408827785BF5003055DD /* Release */,
			);
			defaultConfigurationIsVisible = 0;
			defaultConfigurationName = Release;
		};
/* End XCConfigurationList section */

/* Begin XCVersionGroup section */
		192C407B27785BF4003055DD /* EggMeet.xcdatamodeld */ = {
			isa = XCVersionGroup;
			children = (
				192C407C27785BF4003055DD /* EggMeet.xcdatamodel */,
			);
			currentVersion = 192C407C27785BF4003055DD /* EggMeet.xcdatamodel */;
			path = EggMeet.xcdatamodeld;
			sourceTree = "<group>";
			versionGroupType = wrapper.xcdatamodel;
		};
/* End XCVersionGroup section */
	};
	rootObject = 192C406727785BF4003055DD /* Project object */;
}
